
Microsoft Visual Studio Solution File, Format Version 12.00
# Visual Studio 15
VisualStudioVersion = 15.0.27004.2006
MinimumVisualStudioVersion = 10.0.40219.1
Project("{FAE04EC0-301F-11D3-BF4B-00C04F79EFBC}") = "OneTime", "OneTime\OneTime.csproj", "{16EFF9F9-205C-4461-ACDD-5A42033E6D2D}"
EndProject
Global
	GlobalSection(SolutionConfigurationPlatforms) = preSolution
		Debug|Any CPU = Debug|Any CPU
		Release|Any CPU = Release|Any CPU
	EndGlobalSection
	GlobalSection(ProjectConfigurationPlatforms) = postSolution
		{16EFF9F9-205C-4461-ACDD-5A42033E6D2D}.Debug|Any CPU.ActiveCfg = Debug|Any CPU
		{16EFF9F9-205C-4461-ACDD-5A42033E6D2D}.Debug|Any CPU.Build.0 = Debug|Any CPU
		{16EFF9F9-205C-4461-ACDD-5A42033E6D2D}.Release|Any CPU.ActiveCfg = Release|Any CPU
		{16EFF9F9-205C-4461-ACDD-5A42033E6D2D}.Release|Any CPU.Build.0 = Release|Any CPU
	EndGlobalSection
	GlobalSection(SolutionProperties) = preSolution
		HideSolutionNode = FALSE
	EndGlobalSection
	GlobalSection(ExtensibilityGlobals) = postSolution
		SolutionGuid = {E828A3D4-A57B-477C-8D1B-EA9F1153FF45}
	EndGlobalSection
EndGlobal
